
Microsoft Visual Studio Solution File, Format Version 12.00
# Visual Studio Version 16
VisualStudioVersion = 16.0.29020.237
MinimumVisualStudioVersion = 10.0.40219.1
Project("{FAE04EC0-301F-11D3-BF4B-00C04F79EFBC}") = "RestAPIClient", "RestAPIClient.csproj", "{55AB2063-D25B-4064-A577-35996E1E2495}"
EndProject
Global
	GlobalSection(SolutionConfigurationPlatforms) = preSolution
		Debug|Any CPU = Debug|Any CPU
		Release|Any CPU = Release|Any CPU
	EndGlobalSection
	GlobalSection(ProjectConfigurationPlatforms) = postSolution
		{55AB2063-D25B-4064-A577-35996E1E2495}.Debug|Any CPU.ActiveCfg = Debug|Any CPU
		{55AB2063-D25B-4064-A577-35996E1E2495}.Debug|Any CPU.Build.0 = Debug|Any CPU
		{55AB2063-D25B-4064-A577-35996E1E2495}.Release|Any CPU.ActiveCfg = Release|Any CPU
		{55AB2063-D25B-4064-A577-35996E1E2495}.Release|Any CPU.Build.0 = Release|Any CPU
	EndGlobalSection
	GlobalSection(SolutionProperties) = preSolution
		HideSolutionNode = FALSE
	EndGlobalSection
	GlobalSection(ExtensibilityGlobals) = postSolution
		SolutionGuid = {929B6698-F747-4136-983C-3ABC2B85C1CD}
	EndGlobalSection
EndGlobal
